
Microsoft Visual Studio Solution File, Format Version 12.00
# Visual Studio Version 16
VisualStudioVersion = 16.0.31624.102
MinimumVisualStudioVersion = 10.0.40219.1
Project("{FAE04EC0-301F-11D3-BF4B-00C04F79EFBC}") = "QLBH", "QLBH\QLBH.csproj", "{A3D0F7B1-F654-46AA-BB9B-14661DDC11E5}"
EndProject
Global
	GlobalSection(SolutionConfigurationPlatforms) = preSolution
		Debug|Any CPU = Debug|Any CPU
		Release|Any CPU = Release|Any CPU
	EndGlobalSection
	GlobalSection(ProjectConfigurationPlatforms) = postSolution
		{A3D0F7B1-F654-46AA-BB9B-14661DDC11E5}.Debug|Any CPU.ActiveCfg = Debug|Any CPU
		{A3D0F7B1-F654-46AA-BB9B-14661DDC11E5}.Debug|Any CPU.Build.0 = Debug|Any CPU
		{A3D0F7B1-F654-46AA-BB9B-14661DDC11E5}.Release|Any CPU.ActiveCfg = Release|Any CPU
		{A3D0F7B1-F654-46AA-BB9B-14661DDC11E5}.Release|Any CPU.Build.0 = Release|Any CPU
	EndGlobalSection
	GlobalSection(SolutionProperties) = preSolution
		HideSolutionNode = FALSE
	EndGlobalSection
	GlobalSection(ExtensibilityGlobals) = postSolution
		SolutionGuid = {CC075914-B187-41FE-BE18-830DA812C1FE}
	EndGlobalSection
EndGlobal
